// !$*UTF8*$!
{
	archiveVersion = 1;
	classes = {
	};
	objectVersion = 56;
	objects = {

/* Begin PBXBuildFile section */
		2C9047B02B56171B004323A8 /* AppDelegate.swift in Sources */ = {isa = PBXBuildFile; fileRef = 2C9047AF2B56171B004323A8 /* AppDelegate.swift */; };
		2C9047B22B56171B004323A8 /* SceneDelegate.swift in Sources */ = {isa = PBXBuildFile; fileRef = 2C9047B12B56171B004323A8 /* SceneDelegate.swift */; };
		2C9047B42B56171B004323A8 /* ViewController.swift in Sources */ = {isa = PBXBuildFile; fileRef = 2C9047B32B56171B004323A8 /* ViewController.swift */; };
		2C9047B72B56171B004323A8 /* Main.storyboard in Resources */ = {isa = PBXBuildFile; fileRef = 2C9047B52B56171B004323A8 /* Main.storyboard */; };
		2C9047B92B56171C004323A8 /* Assets.xcassets in Resources */ = {isa = PBXBuildFile; fileRef = 2C9047B82B56171C004323A8 /* Assets.xcassets */; };
		2C9047BC2B56171C004323A8 /* LaunchScreen.storyboard in Resources */ = {isa = PBXBuildFile; fileRef = 2C9047BA2B56171C004323A8 /* LaunchScreen.storyboard */; };
		2C9047C72B56171C004323A8 /* asiign1Tests.swift in Sources */ = {isa = PBXBuildFile; fileRef = 2C9047C62B56171C004323A8 /* asiign1Tests.swift */; };
		2C9047D12B56171C004323A8 /* asiign1UITests.swift in Sources */ = {isa = PBXBuildFile; fileRef = 2C9047D02B56171C004323A8 /* asiign1UITests.swift */; };
		2C9047D32B56171C004323A8 /* asiign1UITestsLaunchTests.swift in Sources */ = {isa = PBXBuildFile; fileRef = 2C9047D22B56171C004323A8 /* asiign1UITestsLaunchTests.swift */; };
/* End PBXBuildFile section */

/* Begin PBXContainerItemProxy section */
		2C9047C32B56171C004323A8 /* PBXContainerItemProxy */ = {
			isa = PBXContainerItemProxy;
			containerPortal = 2C9047A42B56171B004323A8 /* Project object */;
			proxyType = 1;
			remoteGlobalIDString = 2C9047AB2B56171B004323A8;
			remoteInfo = asiign1;
		};
		2C9047CD2B56171C004323A8 /* PBXContainerItemProxy */ = {
			isa = PBXContainerItemProxy;
			containerPortal = 2C9047A42B56171B004323A8 /* Project object */;
			proxyType = 1;
			remoteGlobalIDString = 2C9047AB2B56171B004323A8;
			remoteInfo = asiign1;
		};
/* End PBXContainerItemProxy section */

/* Begin PBXFileReference section */
		2C9047AC2B56171B004323A8 /* asiign1.app */ = {isa = PBXFileReference; explicitFileType = wrapper.application; includeInIndex = 0; path = asiign1.app; sourceTree = BUILT_PRODUCTS_DIR; };
		2C9047AF2B56171B004323A8 /* AppDelegate.swift */ = {isa = PBXFileReference; lastKnownFileType = sourcecode.swift; path = AppDelegate.swift; sourceTree = "<group>"; };
		2C9047B12B56171B004323A8 /* SceneDelegate.swift */ = {isa = PBXFileReference; lastKnownFileType = sourcecode.swift; path = SceneDelegate.swift; sourceTree = "<group>"; };
		2C9047B32B56171B004323A8 /* ViewController.swift */ = {isa = PBXFileReference; lastKnownFileType = sourcecode.swift; path = ViewController.swift; sourceTree = "<group>"; };
		2C9047B62B56171B004323A8 /* Base */ = {isa = PBXFileReference; lastKnownFileType = file.storyboard; name = Base; path = Base.lproj/Main.storyboard; sourceTree = "<group>"; };
		2C9047B82B56171C004323A8 /* Assets.xcassets */ = {isa = PBXFileReference; lastKnownFileType = folder.assetcatalog; path = Assets.xcassets; sourceTree = "<group>"; };
		2C9047BB2B56171C004323A8 /* Base */ = {isa = PBXFileReference; lastKnownFileType = file.storyboard; name = Base; path = Base.lproj/LaunchScreen.storyboard; sourceTree = "<group>"; };
		2C9047BD2B56171C004323A8 /* Info.plist */ = {isa = PBXFileReference; lastKnownFileType = text.plist.xml; path = Info.plist; sourceTree = "<group>"; };
		2C9047C22B56171C004323A8 /* asiign1Tests.xctest */ = {isa = PBXFileReference; explicitFileType = wrapper.cfbundle; includeInIndex = 0; path = asiign1Tests.xctest; sourceTree = BUILT_PRODUCTS_DIR; };
		2C9047C62B56171C004323A8 /* asiign1Tests.swift */ = {isa = PBXFileReference; lastKnownFileType = sourcecode.swift; path = asiign1Tests.swift; sourceTree = "<group>"; };
		2C9047CC2B56171C004323A8 /* asiign1UITests.xctest */ = {isa = PBXFileReference; explicitFileType = wrapper.cfbundle; includeInIndex = 0; path = asiign1UITests.xctest; sourceTree = BUILT_PRODUCTS_DIR; };
		2C9047D02B56171C004323A8 /* asiign1UITests.swift */ = {isa = PBXFileReference; lastKnownFileType = sourcecode.swift; path = asiign1UITests.swift; sourceTree = "<group>"; };
		2C9047D22B56171C004323A8 /* asiign1UITestsLaunchTests.swift */ = {isa = PBXFileReference; lastKnownFileType = sourcecode.swift; path = asiign1UITestsLaunchTests.swift; sourceTree = "<group>"; };
/* End PBXFileReference section */

/* Begin PBXFrameworksBuildPhase section */
		2C9047A92B56171B004323A8 /* Frameworks */ = {
			isa = PBXFrameworksBuildPhase;
			buildActionMask = 2147483647;
			files = (
			);
			runOnlyForDeploymentPostprocessing = 0;
		};
		2C9047BF2B56171C004323A8 /* Frameworks */ = {
			isa = PBXFrameworksBuildPhase;
			buildActionMask = 2147483647;
			files = (
			);
			runOnlyForDeploymentPostprocessing = 0;
		};
		2C9047C92B56171C004323A8 /* Frameworks */ = {
			isa = PBXFrameworksBuildPhase;
			buildActionMask = 2147483647;
			files = (
			);
			runOnlyForDeploymentPostprocessing = 0;
		};
/* End PBXFrameworksBuildPhase section */

/* Begin PBXGroup section */
		2C9047A32B56171B004323A8 = {
			isa = PBXGroup;
			children = (
				2C9047AE2B56171B004323A8 /* asiign1 */,
				2C9047C52B56171C004323A8 /* asiign1Tests */,
				2C9047CF2B56171C004323A8 /* asiign1UITests */,
				2C9047AD2B56171B004323A8 /* Products */,
			);
			sourceTree = "<group>";
		};
		2C9047AD2B56171B004323A8 /* Products */ = {
			isa = PBXGroup;
			children = (
				2C9047AC2B56171B004323A8 /* asiign1.app */,
				2C9047C22B56171C004323A8 /* asiign1Tests.xctest */,
				2C9047CC2B56171C004323A8 /* asiign1UITests.xctest */,
			);
			name = Products;
			sourceTree = "<group>";
		};
		2C9047AE2B56171B004323A8 /* asiign1 */ = {
			isa = PBXGroup;
			children = (
				2C9047AF2B56171B004323A8 /* AppDelegate.swift */,
				2C9047B12B56171B004323A8 /* SceneDelegate.swift */,
				2C9047B32B56171B004323A8 /* ViewController.swift */,
				2C9047B52B56171B004323A8 /* Main.storyboard */,
				2C9047B82B56171C004323A8 /* Assets.xcassets */,
				2C9047BA2B56171C004323A8 /* LaunchScreen.storyboard */,
				2C9047BD2B56171C004323A8 /* Info.plist */,
			);
			path = asiign1;
			sourceTree = "<group>";
		};
		2C9047C52B56171C004323A8 /* asiign1Tests */ = {
			isa = PBXGroup;
			children = (
				2C9047C62B56171C004323A8 /* asiign1Tests.swift */,
			);
			path = asiign1Tests;
			sourceTree = "<group>";
		};
		2C9047CF2B56171C004323A8 /* asiign1UITests */ = {
			isa = PBXGroup;
			children = (
				2C9047D02B56171C004323A8 /* asiign1UITests.swift */,
				2C9047D22B56171C004323A8 /* asiign1UITestsLaunchTests.swift */,
			);
			path = asiign1UITests;
			sourceTree = "<group>";
		};
/* End PBXGroup section */

/* Begin PBXNativeTarget section */
		2C9047AB2B56171B004323A8 /* asiign1 */ = {
			isa = PBXNativeTarget;
			buildConfigurationList = 2C9047D62B56171C004323A8 /* Build configuration list for PBXNativeTarget "asiign1" */;
			buildPhases = (
				2C9047A82B56171B004323A8 /* Sources */,
				2C9047A92B56171B004323A8 /* Frameworks */,
				2C9047AA2B56171B004323A8 /* Resources */,
			);
			buildRules = (
			);
			dependencies = (
			);
			name = asiign1;
			productName = asiign1;
			productReference = 2C9047AC2B56171B004323A8 /* asiign1.app */;
			productType = "com.apple.product-type.application";
		};
		2C9047C12B56171C004323A8 /* asiign1Tests */ = {
			isa = PBXNativeTarget;
			buildConfigurationList = 2C9047D92B56171C004323A8 /* Build configuration list for PBXNativeTarget "asiign1Tests" */;
			buildPhases = (
				2C9047BE2B56171C004323A8 /* Sources */,
				2C9047BF2B56171C004323A8 /* Frameworks */,
				2C9047C02B56171C004323A8 /* Resources */,
			);
			buildRules = (
			);
			dependencies = (
				2C9047C42B56171C004323A8 /* PBXTargetDependency */,
			);
			name = asiign1Tests;
			productName = asiign1Tests;
			productReference = 2C9047C22B56171C004323A8 /* asiign1Tests.xctest */;
			productType = "com.apple.product-type.bundle.unit-test";
		};
		2C9047CB2B56171C004323A8 /* asiign1UITests */ = {
			isa = PBXNativeTarget;
			buildConfigurationList = 2C9047DC2B56171C004323A8 /* Build configuration list for PBXNativeTarget "asiign1UITests" */;
			buildPhases = (
				2C9047C82B56171C004323A8 /* Sources */,
				2C9047C92B56171C004323A8 /* Frameworks */,
				2C9047CA2B56171C004323A8 /* Resources */,
			);
			buildRules = (
			);
			dependencies = (
				2C9047CE2B56171C004323A8 /* PBXTargetDependency */,
			);
			name = asiign1UITests;
			productName = asiign1UITests;
			productReference = 2C9047CC2B56171C004323A8 /* asiign1UITests.xctest */;
			productType = "com.apple.product-type.bundle.ui-testing";
		};
/* End PBXNativeTarget section */

/* Begin PBXProject section */
		2C9047A42B56171B004323A8 /* Project object */ = {
			isa = PBXProject;
			attributes = {
				BuildIndependentTargetsInParallel = 1;
				LastSwiftUpdateCheck = 1420;
				LastUpgradeCheck = 1420;
				TargetAttributes = {
					2C9047AB2B56171B004323A8 = {
						CreatedOnToolsVersion = 14.2;
					};
					2C9047C12B56171C004323A8 = {
						CreatedOnToolsVersion = 14.2;
						TestTargetID = 2C9047AB2B56171B004323A8;
					};
					2C9047CB2B56171C004323A8 = {
						CreatedOnToolsVersion = 14.2;
						TestTargetID = 2C9047AB2B56171B004323A8;
					};
				};
			};
			buildConfigurationList = 2C9047A72B56171B004323A8 /* Build configuration list for PBXProject "asiign1" */;
			compatibilityVersion = "Xcode 14.0";
			developmentRegion = en;
			hasScannedForEncodings = 0;
			knownRegions = (
				en,
				Base,
			);
			mainGroup = 2C9047A32B56171B004323A8;
			productRefGroup = 2C9047AD2B56171B004323A8 /* Products */;
			projectDirPath = "";
			projectRoot = "";
			targets = (
				2C9047AB2B56171B004323A8 /* asiign1 */,
				2C9047C12B56171C004323A8 /* asiign1Tests */,
				2C9047CB2B56171C004323A8 /* asiign1UITests */,
			);
		};
/* End PBXProject section */

/* Begin PBXResourcesBuildPhase section */
		2C9047AA2B56171B004323A8 /* Resources */ = {
			isa = PBXResourcesBuildPhase;
			buildActionMask = 2147483647;
			files = (
				2C9047BC2B56171C004323A8 /* LaunchScreen.storyboard in Resources */,
				2C9047B92B56171C004323A8 /* Assets.xcassets in Resources */,
				2C9047B72B56171B004323A8 /* Main.storyboard in Resources */,
			);
			runOnlyForDeploymentPostprocessing = 0;
		};
		2C9047C02B56171C004323A8 /* Resources */ = {
			isa = PBXResourcesBuildPhase;
			buildActionMask = 2147483647;
			files = (
			);
			runOnlyForDeploymentPostprocessing = 0;
		};
		2C9047CA2B56171C004323A8 /* Resources */ = {
			isa = PBXResourcesBuildPhase;
			buildActionMask = 2147483647;
			files = (
			);
			runOnlyForDeploymentPostprocessing = 0;
		};
/* End PBXResourcesBuildPhase section */

/* Begin PBXSourcesBuildPhase section */
		2C9047A82B56171B004323A8 /* Sources */ = {
			isa = PBXSourcesBuildPhase;
			buildActionMask = 2147483647;
			files = (
				2C9047B42B56171B004323A8 /* ViewController.swift in Sources */,
				2C9047B02B56171B004323A8 /* AppDelegate.swift in Sources */,
				2C9047B22B56171B004323A8 /* SceneDelegate.swift in Sources */,
			);
			runOnlyForDeploymentPostprocessing = 0;
		};
		2C9047BE2B56171C004323A8 /* Sources */ = {
			isa = PBXSourcesBuildPhase;
			buildActionMask = 2147483647;
			files = (
				2C9047C72B56171C004323A8 /* asiign1Tests.swift in Sources */,
			);
			runOnlyForDeploymentPostprocessing = 0;
		};
		2C9047C82B56171C004323A8 /* Sources */ = {
			isa = PBXSourcesBuildPhase;
			buildActionMask = 2147483647;
			files = (
				2C9047D12B56171C004323A8 /* asiign1UITests.swift in Sources */,
				2C9047D32B56171C004323A8 /* asiign1UITestsLaunchTests.swift in Sources */,
			);
			runOnlyForDeploymentPostprocessing = 0;
		};
/* End PBXSourcesBuildPhase section */

/* Begin PBXTargetDependency section */
		2C9047C42B56171C004323A8 /* PBXTargetDependency */ = {
			isa = PBXTargetDependency;
			target = 2C9047AB2B56171B004323A8 /* asiign1 */;
			targetProxy = 2C9047C32B56171C004323A8 /* PBXContainerItemProxy */;
		};
		2C9047CE2B56171C004323A8 /* PBXTargetDependency */ = {
			isa = PBXTargetDependency;
			target = 2C9047AB2B56171B004323A8 /* asiign1 */;
			targetProxy = 2C9047CD2B56171C004323A8 /* PBXContainerItemProxy */;
		};
/* End PBXTargetDependency section */

/* Begin PBXVariantGroup section */
		2C9047B52B56171B004323A8 /* Main.storyboard */ = {
			isa = PBXVariantGroup;
			children = (
				2C9047B62B56171B004323A8 /* Base */,
			);
			name = Main.storyboard;
			sourceTree = "<group>";
		};
		2C9047BA2B56171C004323A8 /* LaunchScreen.storyboard */ = {
			isa = PBXVariantGroup;
			children = (
				2C9047BB2B56171C004323A8 /* Base */,
			);
			name = LaunchScreen.storyboard;
			sourceTree = "<group>";
		};
/* End PBXVariantGroup section */

/* Begin XCBuildConfiguration section */
		2C9047D42B56171C004323A8 /* Debug */ = {
			isa = XCBuildConfiguration;
			buildSettings = {
				ALWAYS_SEARCH_USER_PATHS = NO;
				CLANG_ANALYZER_NONNULL = YES;
				CLANG_ANALYZER_NUMBER_OBJECT_CONVERSION = YES_AGGRESSIVE;
				CLANG_CXX_LANGUAGE_STANDARD = "gnu++20";
				CLANG_ENABLE_MODULES = YES;
				CLANG_ENABLE_OBJC_ARC = YES;
				CLANG_ENABLE_OBJC_WEAK = YES;
				CLANG_WARN_BLOCK_CAPTURE_AUTORELEASING = YES;
				CLANG_WARN_BOOL_CONVERSION = YES;
				CLANG_WARN_COMMA = YES;
				CLANG_WARN_CONSTANT_CONVERSION = YES;
				CLANG_WARN_DEPRECATED_OBJC_IMPLEMENTATIONS = YES;
				CLANG_WARN_DIRECT_OBJC_ISA_USAGE = YES_ERROR;
				CLANG_WARN_DOCUMENTATION_COMMENTS = YES;
				CLANG_WARN_EMPTY_BODY = YES;
				CLANG_WARN_ENUM_CONVERSION = YES;
				CLANG_WARN_INFINITE_RECURSION = YES;
				CLANG_WARN_INT_CONVERSION = YES;
				CLANG_WARN_NON_LITERAL_NULL_CONVERSION = YES;
				CLANG_WARN_OBJC_IMPLICIT_RETAIN_SELF = YES;
				CLANG_WARN_OBJC_LITERAL_CONVERSION = YES;
				CLANG_WARN_OBJC_ROOT_CLASS = YES_ERROR;
				CLANG_WARN_QUOTED_INCLUDE_IN_FRAMEWORK_HEADER = YES;
				CLANG_WARN_RANGE_LOOP_ANALYSIS = YES;
				CLANG_WARN_STRICT_PROTOTYPES = YES;
				CLANG_WARN_SUSPICIOUS_MOVE = YES;
				CLANG_WARN_UNGUARDED_AVAILABILITY = YES_AGGRESSIVE;
				CLANG_WARN_UNREACHABLE_CODE = YES;
				CLANG_WARN__DUPLICATE_METHOD_MATCH = YES;
				COPY_PHASE_STRIP = NO;
				DEBUG_INFORMATION_FORMAT = dwarf;
				ENABLE_STRICT_OBJC_MSGSEND = YES;
				ENABLE_TESTABILITY = YES;
				GCC_C_LANGUAGE_STANDARD = gnu11;
				GCC_DYNAMIC_NO_PIC = NO;
				GCC_NO_COMMON_BLOCKS = YES;
				GCC_OPTIMIZATION_LEVEL = 0;
				GCC_PREPROCESSOR_DEFINITIONS = (
					"DEBUG=1",
					"$(inherited)",
				);
				GCC_WARN_64_TO_32_BIT_CONVERSION = YES;
				GCC_WARN_ABOUT_RETURN_TYPE = YES_ERROR;
				GCC_WARN_UNDECLARED_SELECTOR = YES;
				GCC_WARN_UNINITIALIZED_AUTOS = YES_AGGRESSIVE;
				GCC_WARN_UNUSED_FUNCTION = YES;
				GCC_WARN_UNUSED_VARIABLE = YES;
				IPHONEOS_DEPLOYMENT_TARGET = 16.2;
				MTL_ENABLE_DEBUG_INFO = INCLUDE_SOURCE;
				MTL_FAST_MATH = YES;
				ONLY_ACTIVE_ARCH = YES;
				SDKROOT = iphoneos;
				SWIFT_ACTIVE_COMPILATION_CONDITIONS = DEBUG;
				SWIFT_OPTIMIZATION_LEVEL = "-Onone";
			};
			name = Debug;
		};
		2C9047D52B56171C004323A8 /* Release */ = {
			isa = XCBuildConfiguration;
			buildSettings = {
				ALWAYS_SEARCH_USER_PATHS = NO;
				CLANG_ANALYZER_NONNULL = YES;
				CLANG_ANALYZER_NUMBER_OBJECT_CONVERSION = YES_AGGRESSIVE;
				CLANG_CXX_LANGUAGE_STANDARD = "gnu++20";
				CLANG_ENABLE_MODULES = YES;
				CLANG_ENABLE_OBJC_ARC = YES;
				CLANG_ENABLE_OBJC_WEAK = YES;
				CLANG_WARN_BLOCK_CAPTURE_AUTORELEASING = YES;
				CLANG_WARN_BOOL_CONVERSION = YES;
				CLANG_WARN_COMMA = YES;
				CLANG_WARN_CONSTANT_CONVERSION = YES;
				CLANG_WARN_DEPRECATED_OBJC_IMPLEMENTATIONS = YES;
				CLANG_WARN_DIRECT_OBJC_ISA_USAGE = YES_ERROR;
				CLANG_WARN_DOCUMENTATION_COMMENTS = YES;
				CLANG_WARN_EMPTY_BODY = YES;
				CLANG_WARN_ENUM_CONVERSION = YES;
				CLANG_WARN_INFINITE_RECURSION = YES;
				CLANG_WARN_INT_CONVERSION = YES;
				CLANG_WARN_NON_LITERAL_NULL_CONVERSION = YES;
				CLANG_WARN_OBJC_IMPLICIT_RETAIN_SELF = YES;
				CLANG_WARN_OBJC_LITERAL_CONVERSION = YES;
				CLANG_WARN_OBJC_ROOT_CLASS = YES_ERROR;
				CLANG_WARN_QUOTED_INCLUDE_IN_FRAMEWORK_HEADER = YES;
				CLANG_WARN_RANGE_LOOP_ANALYSIS = YES;
				CLANG_WARN_STRICT_PROTOTYPES = YES;
				CLANG_WARN_SUSPICIOUS_MOVE = YES;
				CLANG_WARN_UNGUARDED_AVAILABILITY = YES_AGGRESSIVE;
				CLANG_WARN_UNREACHABLE_CODE = YES;
				CLANG_WARN__DUPLICATE_METHOD_MATCH = YES;
				COPY_PHASE_STRIP = NO;
				DEBUG_INFORMATION_FORMAT = "dwarf-with-dsym";
				ENABLE_NS_ASSERTIONS = NO;
				ENABLE_STRICT_OBJC_MSGSEND = YES;
				GCC_C_LANGUAGE_STANDARD = gnu11;
				GCC_NO_COMMON_BLOCKS = YES;
				GCC_WARN_64_TO_32_BIT_CONVERSION = YES;
				GCC_WARN_ABOUT_RETURN_TYPE = YES_ERROR;
				GCC_WARN_UNDECLARED_SELECTOR = YES;
				GCC_WARN_UNINITIALIZED_AUTOS = YES_AGGRESSIVE;
				GCC_WARN_UNUSED_FUNCTION = YES;
				GCC_WARN_UNUSED_VARIABLE = YES;
				IPHONEOS_DEPLOYMENT_TARGET = 16.2;
				MTL_ENABLE_DEBUG_INFO = NO;
				MTL_FAST_MATH = YES;
				SDKROOT = iphoneos;
				SWIFT_COMPILATION_MODE = wholemodule;
				SWIFT_OPTIMIZATION_LEVEL = "-O";
				VALIDATE_PRODUCT = YES;
			};
			name = Release;
		};
		2C9047D72B56171C004323A8 /* Debug */ = {
			isa = XCBuildConfiguration;
			buildSettings = {
				ASSETCATALOG_COMPILER_APPICON_NAME = AppIcon;
				ASSETCATALOG_COMPILER_GLOBAL_ACCENT_COLOR_NAME = AccentColor;
				CODE_SIGN_STYLE = Automatic;
				CURRENT_PROJECT_VERSION = 1;
				GENERATE_INFOPLIST_FILE = YES;
				INFOPLIST_FILE = asiign1/Info.plist;
				INFOPLIST_KEY_UIApplicationSupportsIndirectInputEvents = YES;
				INFOPLIST_KEY_UILaunchStoryboardName = LaunchScreen;
				INFOPLIST_KEY_UIMainStoryboardFile = Main;
				INFOPLIST_KEY_UISupportedInterfaceOrientations_iPad = "UIInterfaceOrientationPortrait UIInterfaceOrientationPortraitUpsideDown UIInterfaceOrientationLandscapeLeft UIInterfaceOrientationLandscapeRight";
				INFOPLIST_KEY_UISupportedInterfaceOrientations_iPhone = "UIInterfaceOrientationPortrait UIInterfaceOrientationLandscapeLeft UIInterfaceOrientationLandscapeRight";
				LD_RUNPATH_SEARCH_PATHS = (
					"$(inherited)",
					"@executable_path/Frameworks",
				);
				MARKETING_VERSION = 1.0;
				PRODUCT_BUNDLE_IDENTIFIER = com.conestoga.asiign1;
				PRODUCT_NAME = "$(TARGET_NAME)";
				SWIFT_EMIT_LOC_STRINGS = YES;
				SWIFT_VERSION = 5.0;
				TARGETED_DEVICE_FAMILY = "1,2";
			};
			name = Debug;
		};
		2C9047D82B56171C004323A8 /* Release */ = {
			isa = XCBuildConfiguration;
			buildSettings = {
				ASSETCATALOG_COMPILER_APPICON_NAME = AppIcon;
				ASSETCATALOG_COMPILER_GLOBAL_ACCENT_COLOR_NAME = AccentColor;
				CODE_SIGN_STYLE = Automatic;
				CURRENT_PROJECT_VERSION = 1;
				GENERATE_INFOPLIST_FILE = YES;
				INFOPLIST_FILE = asiign1/Info.plist;
				INFOPLIST_KEY_UIApplicationSupportsIndirectInputEvents = YES;
				INFOPLIST_KEY_UILaunchStoryboardName = LaunchScreen;
				INFOPLIST_KEY_UIMainStoryboardFile = Main;
				INFOPLIST_KEY_UISupportedInterfaceOrientations_iPad = "UIInterfaceOrientationPortrait UIInterfaceOrientationPortraitUpsideDown UIInterfaceOrientationLandscapeLeft UIInterfaceOrientationLandscapeRight";
				INFOPLIST_KEY_UISupportedInterfaceOrientations_iPhone = "UIInterfaceOrientationPortrait UIInterfaceOrientationLandscapeLeft UIInterfaceOrientationLandscapeRight";
				LD_RUNPATH_SEARCH_PATHS = (
					"$(inherited)",
					"@executable_path/Frameworks",
				);
				MARKETING_VERSION = 1.0;
				PRODUCT_BUNDLE_IDENTIFIER = com.conestoga.asiign1;
				PRODUCT_NAME = "$(TARGET_NAME)";
				SWIFT_EMIT_LOC_STRINGS = YES;
				SWIFT_VERSION = 5.0;
				TARGETED_DEVICE_FAMILY = "1,2";
			};
			name = Release;
		};
		2C9047DA2B56171C004323A8 /* Debug */ = {
			isa = XCBuildConfiguration;
			buildSettings = {
				ALWAYS_EMBED_SWIFT_STANDARD_LIBRARIES = YES;
				BUNDLE_LOADER = "$(TEST_HOST)";
				CODE_SIGN_STYLE = Automatic;
				CURRENT_PROJECT_VERSION = 1;
				GENERATE_INFOPLIST_FILE = YES;
				IPHONEOS_DEPLOYMENT_TARGET = 16.2;
				MARKETING_VERSION = 1.0;
				PRODUCT_BUNDLE_IDENTIFIER = com.conestoga.asiign1Tests;
				PRODUCT_NAME = "$(TARGET_NAME)";
				SWIFT_EMIT_LOC_STRINGS = NO;
				SWIFT_VERSION = 5.0;
				TARGETED_DEVICE_FAMILY = "1,2";
				TEST_HOST = "$(BUILT_PRODUCTS_DIR)/asiign1.app/$(BUNDLE_EXECUTABLE_FOLDER_PATH)/asiign1";
			};
			name = Debug;
		};
		2C9047DB2B56171C004323A8 /* Release */ = {
			isa = XCBuildConfiguration;
			buildSettings = {
				ALWAYS_EMBED_SWIFT_STANDARD_LIBRARIES = YES;
				BUNDLE_LOADER = "$(TEST_HOST)";
				CODE_SIGN_STYLE = Automatic;
				CURRENT_PROJECT_VERSION = 1;
				GENERATE_INFOPLIST_FILE = YES;
				IPHONEOS_DEPLOYMENT_TARGET = 16.2;
				MARKETING_VERSION = 1.0;
				PRODUCT_BUNDLE_IDENTIFIER = com.conestoga.asiign1Tests;
				PRODUCT_NAME = "$(TARGET_NAME)";
				SWIFT_EMIT_LOC_STRINGS = NO;
				SWIFT_VERSION = 5.0;
				TARGETED_DEVICE_FAMILY = "1,2";
				TEST_HOST = "$(BUILT_PRODUCTS_DIR)/asiign1.app/$(BUNDLE_EXECUTABLE_FOLDER_PATH)/asiign1";
			};
			name = Release;
		};
		2C9047DD2B56171C004323A8 /* Debug */ = {
			isa = XCBuildConfiguration;
			buildSettings = {
				ALWAYS_EMBED_SWIFT_STANDARD_LIBRARIES = YES;
				CODE_SIGN_STYLE = Automatic;
				CURRENT_PROJECT_VERSION = 1;
				GENERATE_INFOPLIST_FILE = YES;
				MARKETING_VERSION = 1.0;
				PRODUCT_BUNDLE_IDENTIFIER = com.conestoga.asiign1UITests;
				PRODUCT_NAME = "$(TARGET_NAME)";
				SWIFT_EMIT_LOC_STRINGS = NO;
				SWIFT_VERSION = 5.0;
				TARGETED_DEVICE_FAMILY = "1,2";
				TEST_TARGET_NAME = asiign1;
			};
			name = Debug;
		};
		2C9047DE2B56171C004323A8 /* Release */ = {
			isa = XCBuildConfiguration;
			buildSettings = {
				ALWAYS_EMBED_SWIFT_STANDARD_LIBRARIES = YES;
				CODE_SIGN_STYLE = Automatic;
				CURRENT_PROJECT_VERSION = 1;
				GENERATE_INFOPLIST_FILE = YES;
				MARKETING_VERSION = 1.0;
				PRODUCT_BUNDLE_IDENTIFIER = com.conestoga.asiign1UITests;
				PRODUCT_NAME = "$(TARGET_NAME)";
				SWIFT_EMIT_LOC_STRINGS = NO;
				SWIFT_VERSION = 5.0;
				TARGETED_DEVICE_FAMILY = "1,2";
				TEST_TARGET_NAME = asiign1;
			};
			name = Release;
		};
/* End XCBuildConfiguration section */

/* Begin XCConfigurationList section */
		2C9047A72B56171B004323A8 /* Build configuration list for PBXProject "asiign1" */ = {
			isa = XCConfigurationList;
			buildConfigurations = (
				2C9047D42B56171C004323A8 /* Debug */,
				2C9047D52B56171C004323A8 /* Release */,
			);
			defaultConfigurationIsVisible = 0;
			defaultConfigurationName = Release;
		};
		2C9047D62B56171C004323A8 /* Build configuration list for PBXNativeTarget "asiign1" */ = {
			isa = XCConfigurationList;
			buildConfigurations = (
				2C9047D72B56171C004323A8 /* Debug */,
				2C9047D82B56171C004323A8 /* Release */,
			);
			defaultConfigurationIsVisible = 0;
			defaultConfigurationName = Release;
		};
		2C9047D92B56171C004323A8 /* Build configuration list for PBXNativeTarget "asiign1Tests" */ = {
			isa = XCConfigurationList;
			buildConfigurations = (
				2C9047DA2B56171C004323A8 /* Debug */,
				2C9047DB2B56171C004323A8 /* Release */,
			);
			defaultConfigurationIsVisible = 0;
			defaultConfigurationName = Release;
		};
		2C9047DC2B56171C004323A8 /* Build configuration list for PBXNativeTarget "asiign1UITests" */ = {
			isa = XCConfigurationList;
			buildConfigurations = (
				2C9047DD2B56171C004323A8 /* Debug */,
				2C9047DE2B56171C004323A8 /* Release */,
			);
			defaultConfigurationIsVisible = 0;
			defaultConfigurationName = Release;
		};
/* End XCConfigurationList section */
	};
	rootObject = 2C9047A42B56171B004323A8 /* Project object */;
}
